PODS:
  - KMPlaceholderTextView (1.2.0)
  - SCLAlertView (0.5.4)
  - TagListView (1.0.0)

DEPENDENCIES:
  - KMPlaceholderTextView (~> 1.2.0)
  - SCLAlertView
  - TagListView (~> 1.0)

SPEC CHECKSUMS:
  KMPlaceholderTextView: cae8ee889bd38d20587eee6b2623b8218f31b8f5
  SCLAlertView: 081f824b17b7cf41057159535591f4d6fc8acde3
  TagListView: 6bf4bded034c4c90b1e90d8cd3d8e1d852dba0a8

PODFILE CHECKSUM: feb06a32275285ff47f99b0e1d93bbd03a335612

COCOAPODS: 1.0.0
